
Microsoft Visual Studio Solution File, Format Version 12.00
# Visual Studio Version 17
VisualStudioVersion = 17.8.34330.188
MinimumVisualStudioVersion = 10.0.40219.1
Project("{FAE04EC0-301F-11D3-BF4B-00C04F79EFBC}") = "FichaAluno", "FichaAluno\FichaAluno.csproj", "{8BBB3A5B-3082-474A-AE97-93B3AD2CDDCF}"
EndProject
Global
	GlobalSection(SolutionConfigurationPlatforms) = preSolution
		Debug|Any CPU = Debug|Any CPU
		Release|Any CPU = Release|Any CPU
	EndGlobalSection
	GlobalSection(ProjectConfigurationPlatforms) = postSolution
		{8BBB3A5B-3082-474A-AE97-93B3AD2CDDCF}.Debug|Any CPU.ActiveCfg = Debug|Any CPU
		{8BBB3A5B-3082-474A-AE97-93B3AD2CDDCF}.Debug|Any CPU.Build.0 = Debug|Any CPU
		{8BBB3A5B-3082-474A-AE97-93B3AD2CDDCF}.Release|Any CPU.ActiveCfg = Release|Any CPU
		{8BBB3A5B-3082-474A-AE97-93B3AD2CDDCF}.Release|Any CPU.Build.0 = Release|Any CPU
	EndGlobalSection
	GlobalSection(SolutionProperties) = preSolution
		HideSolutionNode = FALSE
	EndGlobalSection
	GlobalSection(ExtensibilityGlobals) = postSolution
		SolutionGuid = {D234099F-078D-4DA1-8B54-C65D4F39D45B}
	EndGlobalSection
EndGlobal
